Microsoft Visual Studio Solution File, Format Version 12.00
# Visual Studio Version 17
VisualStudioVersion = 17.5.2.0
MinimumVisualStudioVersion = 10.0.40219.1
Project("{FAE04EC0-301F-11D3-BF4B-00C04F79EFBC}") = "gession-liste-jeux", "gession-liste-jeux.csproj", "{5012B346-16E0-0DB2-D7B9-AEE7286390D6}"
EndProject
Global
	GlobalSection(SolutionConfigurationPlatforms) = preSolution
		Debug|Any CPU = Debug|Any CPU
		Release|Any CPU = Release|Any CPU
	EndGlobalSection
	GlobalSection(ProjectConfigurationPlatforms) = postSolution
		{5012B346-16E0-0DB2-D7B9-AEE7286390D6}.Debug|Any CPU.ActiveCfg = Debug|Any CPU
		{5012B346-16E0-0DB2-D7B9-AEE7286390D6}.Debug|Any CPU.Build.0 = Debug|Any CPU
		{5012B346-16E0-0DB2-D7B9-AEE7286390D6}.Release|Any CPU.ActiveCfg = Release|Any CPU
		{5012B346-16E0-0DB2-D7B9-AEE7286390D6}.Release|Any CPU.Build.0 = Release|Any CPU
	EndGlobalSection
	GlobalSection(SolutionProperties) = preSolution
		HideSolutionNode = FALSE
	EndGlobalSection
	GlobalSection(ExtensibilityGlobals) = postSolution
		SolutionGuid = {4E9DEE61-03A8-466F-92C2-2106B4BC34C4}
	EndGlobalSection
EndGlobal
